
Microsoft Visual Studio Solution File, Format Version 12.00
# Visual Studio Version 17
VisualStudioVersion = 17.3.32922.545
MinimumVisualStudioVersion = 10.0.40219.1
Project("{FAE04EC0-301F-11D3-BF4B-00C04F79EFBC}") = "Hubtel.Wallets.Api", "Hubtel.Wallets.Api\Hubtel.Wallets.Api.csproj", "{4FB34ED3-527C-495F-8344-B6C34B0A4B03}"
EndProject
Global
	GlobalSection(SolutionConfigurationPlatforms) = preSolution
		Debug|Any CPU = Debug|Any CPU
		Release|Any CPU = Release|Any CPU
	EndGlobalSection
	GlobalSection(ProjectConfigurationPlatforms) = postSolution
		{4FB34ED3-527C-495F-8344-B6C34B0A4B03}.Debug|Any CPU.ActiveCfg = Debug|Any CPU
		{4FB34ED3-527C-495F-8344-B6C34B0A4B03}.Debug|Any CPU.Build.0 = Debug|Any CPU
		{4FB34ED3-527C-495F-8344-B6C34B0A4B03}.Release|Any CPU.ActiveCfg = Release|Any CPU
		{4FB34ED3-527C-495F-8344-B6C34B0A4B03}.Release|Any CPU.Build.0 = Release|Any CPU
	EndGlobalSection
	GlobalSection(SolutionProperties) = preSolution
		HideSolutionNode = FALSE
	EndGlobalSection
	GlobalSection(ExtensibilityGlobals) = postSolution
		SolutionGuid = {085A15E9-A105-4108-A1E4-03CE445EB198}
	EndGlobalSection
EndGlobal
